{
  "version": 4,
  "terraform_version": "1.14.8",
  "serial": 4867,
  "lineage": "170688c3-053d-1b3a-9971-dcec768221b0",
  "outputs": {},
  "resources": [
    {
      "mode": "managed",
      "type": "oci_identity_compartment",
      "name": "mgmt_compartment",
      "provider": "provider[\"registry.terraform.io/oracle/oci\"]",
      "instances": [
        {
          "schema_version": 0,
          "attributes": {
            "compartment_id": "ocid1.compartment.oc1..aaaaaaaafmd3eynylajhayrhegk6typot73nexdgkj7iksc3374pcv3zb45q",
            "defined_tags": {
              "Oracle-Tags.CreatedBy": "default/wailin.s@trinitywizards.com",
              "Oracle-Tags.CreatedOn": "2026-03-26T04:49:40.823Z"
            },
            "description": "log analytics, log group, key vault, etc ",
            "enable_delete": false,
            "freeform_tags": {
              "Environment": "Prod",
              "Managed_by": "Terraform"
            },
            "id": "ocid1.compartment.oc1..aaaaaaaa7pso7kg5pdzn4utqhdg3pphkkk3bxijgrlhdeb46r47qqktr3cwq",
            "inactive_state": null,
            "is_accessible": true,
            "name": "prod-mgmt-comp",
            "state": "ACTIVE",
            "time_created": "2026-03-26 04:49:41.71 +0000 UTC",
            "timeouts": null
          },
          "sensitive_attributes": [],
          "identity_schema_version": 0,
          "private": "eyJlMmJmYjczMC1lY2FhLTExZTYtOGY4OC0zNDM2M2JjN2M0YzAiOnsiZGVsZXRlIjo1NDAwMDAwMDAwMDAwfX0="
        }
      ]
    },
    {
      "mode": "managed",
      "type": "oci_kms_vault",
      "name": "vault",
      "provider": "provider[\"registry.terraform.io/oracle/oci\"]",
      "instances": [
        {
          "schema_version": 0,
          "attributes": {
            "compartment_id": "ocid1.compartment.oc1..aaaaaaaa7pso7kg5pdzn4utqhdg3pphkkk3bxijgrlhdeb46r47qqktr3cwq",
            "crypto_endpoint": "https://gzu46v4uaadky-crypto.kms.ap-singapore-1.oci.oraclecloud.com",
            "defined_tags": {
              "Oracle-Tags.CreatedBy": "default/wailin.s@trinitywizards.com",
              "Oracle-Tags.CreatedOn": "2026-04-03T06:00:52.175Z"
            },
            "display_name": "prod_vault",
            "external_key_manager_metadata": [],
            "external_key_manager_metadata_summary": [],
            "freeform_tags": {
              "Environment": "Prod",
              "Managed_by": "Terraform"
            },
            "id": "ocid1.vault.oc1.ap-singapore-1.gzu46v4uaadky.abzwsljrahgak24x4cdsx6tqv5pt24nknfx5uq465akea6lkybwbwcckd2ha",
            "is_primary": true,
            "is_vault_replicable": true,
            "management_endpoint": "https://gzu46v4uaadky-management.kms.ap-singapore-1.oci.oraclecloud.com",
            "replica_details": [],
            "restore_from_file": [],
            "restore_from_object_store": [],
            "restore_trigger": null,
            "restored_from_vault_id": null,
            "state": "ACTIVE",
            "time_created": "2026-04-03 06:00:52.721 +0000 UTC",
            "time_of_deletion": "2026-04-11T23:59:59Z",
            "timeouts": null,
            "vault_type": "DEFAULT"
          },
          "sensitive_attributes": [],
          "identity_schema_version": 0,
          "private": "eyJlMmJmYjczMC1lY2FhLTExZTYtOGY4OC0zNDM2M2JjN2M0YzAiOnsiY3JlYXRlIjoxMjAwMDAwMDAwMDAwLCJkZWxldGUiOjEyMDAwMDAwMDAwMDAsInVwZGF0ZSI6MTIwMDAwMDAwMDAwMH19",
          "dependencies": [
            "oci_identity_compartment.mgmt_compartment"
          ]
        }
      ]
    }
  ],
  "check_results": [
    {
      "object_kind": "var",
      "config_addr": "var.access_type",
      "status": "unknown",
      "objects": null
    },
    {
      "object_kind": "var",
      "config_addr": "var.cms_cluster_type",
      "status": "unknown",
      "objects": null
    },
    {
      "object_kind": "var",
      "config_addr": "var.web_cni_type",
      "status": "unknown",
      "objects": null
    },
    {
      "object_kind": "var",
      "config_addr": "var.web_cluster_type",
      "status": "unknown",
      "objects": null
    },
    {
      "object_kind": "var",
      "config_addr": "var.airs_cni_type",
      "status": "unknown",
      "objects": null
    },
    {
      "object_kind": "var",
      "config_addr": "var.cms_cni_type",
      "status": "unknown",
      "objects": null
    },
    {
      "object_kind": "var",
      "config_addr": "var.protocol",
      "status": "unknown",
      "objects": null
    },
    {
      "object_kind": "var",
      "config_addr": "var.storage_tier",
      "status": "unknown",
      "objects": null
    },
    {
      "object_kind": "var",
      "config_addr": "var.airs_cluster_type",
      "status": "unknown",
      "objects": null
    },
    {
      "object_kind": "var",
      "config_addr": "var.versioning",
      "status": "unknown",
      "objects": null
    }
  ]
}
